// !$*UTF8*$!
{
	archiveVersion = 1;
	classes = {
	};
	objectVersion = 46;
	objects = {

/* Begin PBXBuildFile section */
		A9479B021E7FD796008697AE /* AppDelegate.swift in Sources */ = {isa = PBXBuildFile; fileRef = A9479B011E7FD796008697AE /* AppDelegate.swift */; };
		A9479B041E7FD796008697AE /* ViewController.swift in Sources */ = {isa = PBXBuildFile; fileRef = A9479B031E7FD796008697AE /* ViewController.swift */; };
		A9479B071E7FD796008697AE /* Main.storyboard in Resources */ = {isa = PBXBuildFile; fileRef = A9479B051E7FD796008697AE /* Main.storyboard */; };
		A9479B091E7FD796008697AE /* Assets.xcassets in Resources */ = {isa = PBXBuildFile; fileRef = A9479B081E7FD796008697AE /* Assets.xcassets */; };
		A9479B0C1E7FD796008697AE /* LaunchScreen.storyboard in Resources */ = {isa = PBXBuildFile; fileRef = A9479B0A1E7FD796008697AE /* LaunchScreen.storyboard */; };
/* End PBXBuildFile section */

/* Begin PBXFileReference section */
		A9479AFE1E7FD796008697AE /* instagram-clone.app */ = {isa = PBXFileReference; explicitFileType = wrapper.application; includeInIndex = 0; path = "instagram-clone.app"; sourceTree = BUILT_PRODUCTS_DIR; };
		A9479B011E7FD796008697AE /* AppDelegate.swift */ = {isa = PBXFileReference; lastKnownFileType = sourcecode.swift; path = AppDelegate.swift; sourceTree = "<group>"; };
		A9479B031E7FD796008697AE /* ViewController.swift */ = {isa = PBXFileReference; lastKnownFileType = sourcecode.swift; path = ViewController.swift; sourceTree = "<group>"; };
		A9479B061E7FD796008697AE /* Base */ = {isa = PBXFileReference; lastKnownFileType = file.storyboard; name = Base; path = Base.lproj/Main.storyboard; sourceTree = "<group>"; };
		A9479B081E7FD796008697AE /* Assets.xcassets */ = {isa = PBXFileReference; lastKnownFileType = folder.assetcatalog; path = Assets.xcassets; sourceTree = "<group>"; };
		A9479B0B1E7FD796008697AE /* Base */ = {isa = PBXFileReference; lastKnownFileType = file.storyboard; name = Base; path = Base.lproj/LaunchScreen.storyboard; sourceTree = "<group>"; };
		A9479B0D1E7FD796008697AE /* Info.plist */ = {isa = PBXFileReference; lastKnownFileType = text.plist.xml; path = Info.plist; sourceTree = "<group>"; };
/* End PBXFileReference section */

/* Begin PBXFrameworksBuildPhase section */
		A9479AFB1E7FD796008697AE /* Frameworks */ = {
			isa = PBXFrameworksBuildPhase;
			buildActionMask = 2147483647;
			files = (
			);
			runOnlyForDeploymentPostprocessing = 0;
		};
/* End PBXFrameworksBuildPhase section */

/* Begin PBXGroup section */
		A9479AF51E7FD796008697AE = {
			isa = PBXGroup;
			children = (
				A9479B001E7FD796008697AE /* instagram-clone */,
				A9479AFF1E7FD796008697AE /* Products */,
			);
			sourceTree = "<group>";
		};
		A9479AFF1E7FD796008697AE /* Products */ = {
			isa = PBXGroup;
			children = (
				A9479AFE1E7FD796008697AE /* instagram-clone.app */,
			);
			name = Products;
			sourceTree = "<group>";
		};
		A9479B001E7FD796008697AE /* instagram-clone */ = {
			isa = PBXGroup;
			children = (
				A9479B011E7FD796008697AE /* AppDelegate.swift */,
				A9479B031E7FD796008697AE /* ViewController.swift */,
				A9479B051E7FD796008697AE /* Main.storyboard */,
				A9479B081E7FD796008697AE /* Assets.xcassets */,
				A9479B0A1E7FD796008697AE /* LaunchScreen.storyboard */,
				A9479B0D1E7FD796008697AE /* Info.plist */,
			);
			path = "instagram-clone";
			sourceTree = "<group>";
		};
/* End PBXGroup section */

/* Begin PBXNativeTarget section */
		A9479AFD1E7FD796008697AE /* instagram-clone */ = {
			isa = PBXNativeTarget;
			buildConfigurationList = A9479B101E7FD796008697AE /* Build configuration list for PBXNativeTarget "instagram-clone" */;
			buildPhases = (
				A9479AFA1E7FD796008697AE /* Sources */,
				A9479AFB1E7FD796008697AE /* Frameworks */,
				A9479AFC1E7FD796008697AE /* Resources */,
			);
			buildRules = (
			);
			dependencies = (
			);
			name = "instagram-clone";
			productName = "instagram-clone";
			productReference = A9479AFE1E7FD796008697AE /* instagram-clone.app */;
			productType = "com.apple.product-type.application";
		};
/* End PBXNativeTarget section */

/* Begin PBXProject section */
		A9479AF61E7FD796008697AE /* Project object */ = {
			isa = PBXProject;
			attributes = {
				LastSwiftUpdateCheck = 0820;
				LastUpgradeCheck = 0820;
				ORGANIZATIONNAME = imagineer;
				TargetAttributes = {
					A9479AFD1E7FD796008697AE = {
						CreatedOnToolsVersion = 8.2.1;
						ProvisioningStyle = Automatic;
					};
				};
			};
			buildConfigurationList = A9479AF91E7FD796008697AE /* Build configuration list for PBXProject "instagram-clone" */;
			compatibilityVersion = "Xcode 3.2";
			developmentRegion = English;
			hasScannedForEncodings = 0;
			knownRegions = (
				en,
				Base,
			);
			mainGroup = A9479AF51E7FD796008697AE;
			productRefGroup = A9479AFF1E7FD796008697AE /* Products */;
			projectDirPath = "";
			projectRoot = "";
			targets = (
				A9479AFD1E7FD796008697AE /* instagram-clone */,
			);
		};
/* End PBXProject section */

/* Begin PBXResourcesBuildPhase section */
		A9479AFC1E7FD796008697AE /* Resources */ = {
			isa = PBXResourcesBuildPhase;
			buildActionMask = 2147483647;
			files = (
				A9479B0C1E7FD796008697AE /* LaunchScreen.storyboard in Resources */,
				A9479B091E7FD796008697AE /* Assets.xcassets in Resources */,
				A9479B071E7FD796008697AE /* Main.storyboard in Resources */,
			);
			runOnlyForDeploymentPostprocessing = 0;
		};
/* End PBXResourcesBuildPhase section */

/* Begin PBXSourcesBuildPhase section */
		A9479AFA1E7FD796008697AE /* Sources */ = {
			isa = PBXSourcesBuildPhase;
			buildActionMask = 2147483647;
			files = (
				A9479B041E7FD796008697AE /* ViewController.swift in Sources */,
				A9479B021E7FD796008697AE /* AppDelegate.swift in Sources */,
			);
			runOnlyForDeploymentPostprocessing = 0;
		};
/* End PBXSourcesBuildPhase section */

/* Begin PBXVariantGroup section */
		A9479B051E7FD796008697AE /* Main.storyboard */ = {
			isa = PBXVariantGroup;
			children = (
				A9479B061E7FD796008697AE /* Base */,
			);
			name = Main.storyboard;
			sourceTree = "<group>";
		};
		A9479B0A1E7FD796008697AE /* LaunchScreen.storyboard */ = {
			isa = PBXVariantGroup;
			children = (
				A9479B0B1E7FD796008697AE /* Base */,
			);
			name = LaunchScreen.storyboard;
			sourceTree = "<group>";
		};
/* End PBXVariantGroup section */

/* Begin XCBuildConfiguration section */
		A9479B0E1E7FD796008697AE /* Debug */ = {
			isa = XCBuildConfiguration;
			buildSettings = {
				ALWAYS_SEARCH_USER_PATHS = NO;
				CLANG_ANALYZER_NONNULL = YES;
				CLANG_CXX_LANGUAGE_STANDARD = "gnu++0x";
				CLANG_CXX_LIBRARY = "libc++";
				CLANG_ENABLE_MODULES = YES;
				CLANG_ENABLE_OBJC_ARC = YES;
				CLANG_WARN_BOOL_CONVERSION = YES;
				CLANG_WARN_CONSTANT_CONVERSION = YES;
				CLANG_WARN_DIRECT_OBJC_ISA_USAGE = YES_ERROR;
				CLANG_WARN_DOCUMENTATION_COMMENTS = YES;
				CLANG_WARN_EMPTY_BODY = YES;
				CLANG_WARN_ENUM_CONVERSION = YES;
				CLANG_WARN_INFINITE_RECURSION = YES;
				CLANG_WARN_INT_CONVERSION = YES;
				CLANG_WARN_OBJC_ROOT_CLASS = YES_ERROR;
				CLANG_WARN_SUSPICIOUS_MOVE = YES;
				CLANG_WARN_UNREACHABLE_CODE = YES;
				CLANG_WARN__DUPLICATE_METHOD_MATCH = YES;
				"CODE_SIGN_IDENTITY[sdk=iphoneos*]" = "iPhone Developer";
				COPY_PHASE_STRIP = NO;
				DEBUG_INFORMATION_FORMAT = dwarf;
				ENABLE_STRICT_OBJC_MSGSEND = YES;
				ENABLE_TESTABILITY = YES;
				GCC_C_LANGUAGE_STANDARD = gnu99;
				GCC_DYNAMIC_NO_PIC = NO;
				GCC_NO_COMMON_BLOCKS = YES;
				GCC_OPTIMIZATION_LEVEL = 0;
				GCC_PREPROCESSOR_DEFINITIONS = (
					"DEBUG=1",
					"$(inherited)",
				);
				GCC_WARN_64_TO_32_BIT_CONVERSION = YES;
				GCC_WARN_ABOUT_RETURN_TYPE = YES_ERROR;
				GCC_WARN_UNDECLARED_SELECTOR = YES;
				GCC_WARN_UNINITIALIZED_AUTOS = YES_AGGRESSIVE;
				GCC_WARN_UNUSED_FUNCTION = YES;
				GCC_WARN_UNUSED_VARIABLE = YES;
				IPHONEOS_DEPLOYMENT_TARGET = 10.2;
				MTL_ENABLE_DEBUG_INFO = YES;
				ONLY_ACTIVE_ARCH = YES;
				SDKROOT = iphoneos;
				SWIFT_ACTIVE_COMPILATION_CONDITIONS = DEBUG;
				SWIFT_OPTIMIZATION_LEVEL = "-Onone";
			};
			name = Debug;
		};
		A9479B0F1E7FD796008697AE /* Release */ = {
			isa = XCBuildConfiguration;
			buildSettings = {
				ALWAYS_SEARCH_USER_PATHS = NO;
				CLANG_ANALYZER_NONNULL = YES;
				CLANG_CXX_LANGUAGE_STANDARD = "gnu++0x";
				CLANG_CXX_LIBRARY = "libc++";
				CLANG_ENABLE_MODULES = YES;
				CLANG_ENABLE_OBJC_ARC = YES;
				CLANG_WARN_BOOL_CONVERSION = YES;
				CLANG_WARN_CONSTANT_CONVERSION = YES;
				CLANG_WARN_DIRECT_OBJC_ISA_USAGE = YES_ERROR;
				CLANG_WARN_DOCUMENTATION_COMMENTS = YES;
				CLANG_WARN_EMPTY_BODY = YES;
				CLANG_WARN_ENUM_CONVERSION = YES;
				CLANG_WARN_INFINITE_RECURSION = YES;
				CLANG_WARN_INT_CONVERSION = YES;
				CLANG_WARN_OBJC_ROOT_CLASS = YES_ERROR;
				CLANG_WARN_SUSPICIOUS_MOVE = YES;
				CLANG_WARN_UNREACHABLE_CODE = YES;
				CLANG_WARN__DUPLICATE_METHOD_MATCH = YES;
				"CODE_SIGN_IDENTITY[sdk=iphoneos*]" = "iPhone Developer";
				COPY_PHASE_STRIP = NO;
				DEBUG_INFORMATION_FORMAT = "dwarf-with-dsym";
				ENABLE_NS_ASSERTIONS = NO;
				ENABLE_STRICT_OBJC_MSGSEND = YES;
				GCC_C_LANGUAGE_STANDARD = gnu99;
				GCC_NO_COMMON_BLOCKS = YES;
				GCC_WARN_64_TO_32_BIT_CONVERSION = YES;
				GCC_WARN_ABOUT_RETURN_TYPE = YES_ERROR;
				GCC_WARN_UNDECLARED_SELECTOR = YES;
				GCC_WARN_UNINITIALIZED_AUTOS = YES_AGGRESSIVE;
				GCC_WARN_UNUSED_FUNCTION = YES;
				GCC_WARN_UNUSED_VARIABLE = YES;
				IPHONEOS_DEPLOYMENT_TARGET = 10.2;
				MTL_ENABLE_DEBUG_INFO = NO;
				SDKROOT = iphoneos;
				SWIFT_OPTIMIZATION_LEVEL = "-Owholemodule";
				VALIDATE_PRODUCT = YES;
			};
			name = Release;
		};
		A9479B111E7FD796008697AE /* Debug */ = {
			isa = XCBuildConfiguration;
			buildSettings = {
				ASSETCATALOG_COMPILER_APPICON_NAME = AppIcon;
				INFOPLIST_FILE = "instagram-clone/Info.plist";
				LD_RUNPATH_SEARCH_PATHS = "$(inherited) @executable_path/Frameworks";
				PRODUCT_BUNDLE_IDENTIFIER = "io.imagineer.instagram-clone";
				PRODUCT_NAME = "$(TARGET_NAME)";
				SWIFT_VERSION = 3.0;
			};
			name = Debug;
		};
		A9479B121E7FD796008697AE /* Release */ = {
			isa = XCBuildConfiguration;
			buildSettings = {
				ASSETCATALOG_COMPILER_APPICON_NAME = AppIcon;
				INFOPLIST_FILE = "instagram-clone/Info.plist";
				LD_RUNPATH_SEARCH_PATHS = "$(inherited) @executable_path/Frameworks";
				PRODUCT_BUNDLE_IDENTIFIER = "io.imagineer.instagram-clone";
				PRODUCT_NAME = "$(TARGET_NAME)";
				SWIFT_VERSION = 3.0;
			};
			name = Release;
		};
/* End XCBuildConfiguration section */

/* Begin XCConfigurationList section */
		A9479AF91E7FD796008697AE /* Build configuration list for PBXProject "instagram-clone" */ = {
			isa = XCConfigurationList;
			buildConfigurations = (
				A9479B0E1E7FD796008697AE /* Debug */,
				A9479B0F1E7FD796008697AE /* Release */,
			);
			defaultConfigurationIsVisible = 0;
			defaultConfigurationName = Release;
		};
		A9479B101E7FD796008697AE /* Build configuration list for PBXNativeTarget "instagram-clone" */ = {
			isa = XCConfigurationList;
			buildConfigurations = (
				A9479B111E7FD796008697AE /* Debug */,
				A9479B121E7FD796008697AE /* Release */,
			);
			defaultConfigurationIsVisible = 0;
		};
/* End XCConfigurationList section */
	};
	rootObject = A9479AF61E7FD796008697AE /* Project object */;
}
